
Microsoft Visual Studio Solution File, Format Version 12.00
# Visual Studio 2015
Project("{FAE04EC0-301F-11D3-BF4B-00C04F79EFBC}") = "Forteresse.CSharp", "Forteresse.CSharp.csproj", "{CBDA754F-6DC0-7873-8989-07A4874430C4}"
EndProject
Global
	GlobalSection(SolutionConfigurationPlatforms) = preSolution
		Debug|Any CPU = Debug|Any CPU
		Release|Any CPU = Release|Any CPU
	EndGlobalSection
	GlobalSection(ProjectConfigurationPlatforms) = postSolution
		{CBDA754F-6DC0-7873-8989-07A4874430C4}.Debug|Any CPU.ActiveCfg = Debug|Any CPU
		{CBDA754F-6DC0-7873-8989-07A4874430C4}.Debug|Any CPU.Build.0 = Debug|Any CPU
		{CBDA754F-6DC0-7873-8989-07A4874430C4}.Release|Any CPU.ActiveCfg = Release|Any CPU
		{CBDA754F-6DC0-7873-8989-07A4874430C4}.Release|Any CPU.Build.0 = Release|Any CPU
	EndGlobalSection
	GlobalSection(SolutionProperties) = preSolution
		HideSolutionNode = FALSE
	EndGlobalSection
EndGlobal
